{
  "name": "thoth",
  "version": "0.0.0",
  "lockfileVersion": 3,
  "requires": true,
  "packages": {
    "": {
      "name": "thoth",
      "version": "0.0.0",
      "license": "AGPL-3.0-or-later",
      "workspaces": [
        "packages/*"
      ]
    },
    "node_modules/@thoth/app": {
      "resolved": "packages/app",
      "link": true
    },
    "node_modules/@thoth/cli": {
      "resolved": "packages/cli",
      "link": true
    },
    "node_modules/@thoth/client": {
      "resolved": "packages/client",
      "link": true
    },
    "node_modules/@thoth/core": {
      "resolved": "packages/core",
      "link": true
    },
    "node_modules/@thoth/daemon": {
      "resolved": "packages/daemon",
      "link": true
    },
    "node_modules/@thoth/desktop": {
      "resolved": "packages/desktop",
      "link": true
    },
    "node_modules/@thoth/drivers": {
      "resolved": "packages/drivers",
      "link": true
    },
    "node_modules/@thoth/protocol": {
      "resolved": "packages/protocol",
      "link": true
    },
    "node_modules/@thoth/relay": {
      "resolved": "packages/relay",
      "link": true
    },
    "node_modules/@thoth/tui": {
      "resolved": "packages/tui",
      "link": true
    },
    "packages/app": {
      "name": "@thoth/app",
      "version": "0.0.0",
      "license": "AGPL-3.0-or-later"
    },
    "packages/cli": {
      "name": "@thoth/cli",
      "version": "0.0.0",
      "license": "AGPL-3.0-or-later"
    },
    "packages/client": {
      "name": "@thoth/client",
      "version": "0.0.0",
      "license": "AGPL-3.0-or-later"
    },
    "packages/core": {
      "name": "@thoth/core",
      "version": "0.0.0",
      "license": "AGPL-3.0-or-later"
    },
    "packages/daemon": {
      "name": "@thoth/daemon",
      "version": "0.0.0",
      "license": "AGPL-3.0-or-later"
    },
    "packages/desktop": {
      "name": "@thoth/desktop",
      "version": "0.0.0",
      "license": "AGPL-3.0-or-later"
    },
    "packages/drivers": {
      "name": "@thoth/drivers",
      "version": "0.0.0",
      "license": "AGPL-3.0-or-later"
    },
    "packages/protocol": {
      "name": "@thoth/protocol",
      "version": "0.0.0",
      "license": "AGPL-3.0-or-later"
    },
    "packages/relay": {
      "name": "@thoth/relay",
      "version": "0.0.0",
      "license": "AGPL-3.0-or-later"
    },
    "packages/tui": {
      "name": "@thoth/tui",
      "version": "0.0.0",
      "license": "AGPL-3.0-or-later"
    }
  }
}
